
Microsoft Visual Studio Solution File, Format Version 12.00
# Visual Studio Version 17
VisualStudioVersion = 17.3.32819.101
MinimumVisualStudioVersion = 10.0.40219.1
Project("{FAE04EC0-301F-11D3-BF4B-00C04F79EFBC}") = "ShopRite System", "ShopRite System.csproj", "{1BB66947-F984-4F37-AFDC-033EB9A4BDF9}"
EndProject
Global
	GlobalSection(SolutionConfigurationPlatforms) = preSolution
		Debug|Any CPU = Debug|Any CPU
		Release|Any CPU = Release|Any CPU
	EndGlobalSection
	GlobalSection(ProjectConfigurationPlatforms) = postSolution
		{1BB66947-F984-4F37-AFDC-033EB9A4BDF9}.Debug|Any CPU.ActiveCfg = Debug|Any CPU
		{1BB66947-F984-4F37-AFDC-033EB9A4BDF9}.Debug|Any CPU.Build.0 = Debug|Any CPU
		{1BB66947-F984-4F37-AFDC-033EB9A4BDF9}.Release|Any CPU.ActiveCfg = Release|Any CPU
		{1BB66947-F984-4F37-AFDC-033EB9A4BDF9}.Release|Any CPU.Build.0 = Release|Any CPU
	EndGlobalSection
	GlobalSection(SolutionProperties) = preSolution
		HideSolutionNode = FALSE
	EndGlobalSection
	GlobalSection(ExtensibilityGlobals) = postSolution
		SolutionGuid = {AA95958D-5163-4712-A713-74ACB03B03D6}
	EndGlobalSection
EndGlobal
